# THIS IS AN AUTOGENERATED FILE. DO NOT EDIT THIS FILE DIRECTLY.
# yarn lockfile v1


react-native-component-styler@^1.0.3:
  version "1.0.3"
  resolved "https://registry.yarnpkg.com/react-native-component-styler/-/react-native-component-styler-1.0.3.tgz#5142566122f6dd29b67661fd7bc43552ef1b5ad8"
  integrity sha512-BtfFxqXV4AMeKMdMJrN7I3eHlrg1Ml9ejlHwgQlTeBMxrkX6l6PwIzBU+xzCYfSatOYuAvDLlztVYeNuMei+kw==
