# THIS IS AN AUTOGENERATED FILE. DO NOT EDIT THIS FILE DIRECTLY.
# yarn lockfile v1


react-native-component-styler@^1.0.4:
  version "1.0.4"
  resolved "https://registry.yarnpkg.com/react-native-component-styler/-/react-native-component-styler-1.0.4.tgz#d23b44272ce1e6f24baf0e53ae46396f73ad706f"
  integrity sha512-ljh6hd88ztnl8MPITgbxYGBvOHho/64B8cOkC0c29Y6+QhFrUBEv9/rq3k6iAosWbFsuAi3Exbd68jYr5CRA6w==
